
Microsoft Visual Studio Solution File, Format Version 12.00
# Visual Studio Version 17
VisualStudioVersion = 17.13.35919.96 d17.13
MinimumVisualStudioVersion = 10.0.40219.1
Project("{FAE04EC0-301F-11D3-BF4B-00C04F79EFBC}") = "CoinFlip", "CoinFlip.csproj", "{8A094041-EF06-45E2-A2F3-E5643DD199F5}"
EndProject
Global
	GlobalSection(SolutionConfigurationPlatforms) = preSolution
		Debug|Any CPU = Debug|Any CPU
		Release|Any CPU = Release|Any CPU
	EndGlobalSection
	GlobalSection(ProjectConfigurationPlatforms) = postSolution
		{8A094041-EF06-45E2-A2F3-E5643DD199F5}.Debug|Any CPU.ActiveCfg = Debug|Any CPU
		{8A094041-EF06-45E2-A2F3-E5643DD199F5}.Debug|Any CPU.Build.0 = Debug|Any CPU
		{8A094041-EF06-45E2-A2F3-E5643DD199F5}.Release|Any CPU.ActiveCfg = Release|Any CPU
		{8A094041-EF06-45E2-A2F3-E5643DD199F5}.Release|Any CPU.Build.0 = Release|Any CPU
	EndGlobalSection
	GlobalSection(SolutionProperties) = preSolution
		HideSolutionNode = FALSE
	EndGlobalSection
	GlobalSection(ExtensibilityGlobals) = postSolution
		SolutionGuid = {6A7D042F-5028-4250-BF2A-B40056441993}
	EndGlobalSection
EndGlobal
